
Microsoft Visual Studio Solution File, Format Version 12.00
# Visual Studio Version 17
VisualStudioVersion = 17.0.31919.166
MinimumVisualStudioVersion = 10.0.40219.1
Project("{FAE04EC0-301F-11D3-BF4B-00C04F79EFBC}") = "pong2", "pong2\pong2.csproj", "{7D190520-51A2-4601-B1C6-9EDF3F83F4E6}"
EndProject
Global
	GlobalSection(SolutionConfigurationPlatforms) = preSolution
		Debug|Any CPU = Debug|Any CPU
		Release|Any CPU = Release|Any CPU
	EndGlobalSection
	GlobalSection(ProjectConfigurationPlatforms) = postSolution
		{7D190520-51A2-4601-B1C6-9EDF3F83F4E6}.Debug|Any CPU.ActiveCfg = Debug|Any CPU
		{7D190520-51A2-4601-B1C6-9EDF3F83F4E6}.Debug|Any CPU.Build.0 = Debug|Any CPU
		{7D190520-51A2-4601-B1C6-9EDF3F83F4E6}.Release|Any CPU.ActiveCfg = Release|Any CPU
		{7D190520-51A2-4601-B1C6-9EDF3F83F4E6}.Release|Any CPU.Build.0 = Release|Any CPU
	EndGlobalSection
	GlobalSection(SolutionProperties) = preSolution
		HideSolutionNode = FALSE
	EndGlobalSection
	GlobalSection(ExtensibilityGlobals) = postSolution
		SolutionGuid = {BFFA1E5F-16DF-44DD-BC27-F54B15B27F9D}
	EndGlobalSection
EndGlobal
